
Microsoft Visual Studio Solution File, Format Version 12.00
# Visual Studio Version 17
VisualStudioVersion = 17.11.35327.3
MinimumVisualStudioVersion = 10.0.40219.1
Project("{FAE04EC0-301F-11D3-BF4B-00C04F79EFBC}") = "Practica_1", "Practica_1\Practica_1.csproj", "{EB64523F-D48B-40EF-AB52-3C7FB7946B47}"
EndProject
Global
	GlobalSection(SolutionConfigurationPlatforms) = preSolution
		Debug|Any CPU = Debug|Any CPU
		Release|Any CPU = Release|Any CPU
	EndGlobalSection
	GlobalSection(ProjectConfigurationPlatforms) = postSolution
		{EB64523F-D48B-40EF-AB52-3C7FB7946B47}.Debug|Any CPU.ActiveCfg = Debug|Any CPU
		{EB64523F-D48B-40EF-AB52-3C7FB7946B47}.Debug|Any CPU.Build.0 = Debug|Any CPU
		{EB64523F-D48B-40EF-AB52-3C7FB7946B47}.Release|Any CPU.ActiveCfg = Release|Any CPU
		{EB64523F-D48B-40EF-AB52-3C7FB7946B47}.Release|Any CPU.Build.0 = Release|Any CPU
	EndGlobalSection
	GlobalSection(SolutionProperties) = preSolution
		HideSolutionNode = FALSE
	EndGlobalSection
	GlobalSection(ExtensibilityGlobals) = postSolution
		SolutionGuid = {5DCA2A3F-D401-4D25-AA13-DBE8DE60962E}
	EndGlobalSection
EndGlobal
